
Microsoft Visual Studio Solution File, Format Version 12.00
# Visual Studio Version 17
VisualStudioVersion = 17.3.32811.315
MinimumVisualStudioVersion = 10.0.40219.1
Project("{FAE04EC0-301F-11D3-BF4B-00C04F79EFBC}") = "Trabajo-Practico-Plataformas-Desarrollo", "Trabajo-Practico-Plataformas-Desarrollo\Trabajo-Practico-Plataformas-Desarrollo.csproj", "{FBB73F16-6D1E-4247-BF00-42B03182D6C8}"
EndProject
Global
	GlobalSection(SolutionConfigurationPlatforms) = preSolution
		Debug|Any CPU = Debug|Any CPU
		Release|Any CPU = Release|Any CPU
	EndGlobalSection
	GlobalSection(ProjectConfigurationPlatforms) = postSolution
		{FBB73F16-6D1E-4247-BF00-42B03182D6C8}.Debug|Any CPU.ActiveCfg = Debug|Any CPU
		{FBB73F16-6D1E-4247-BF00-42B03182D6C8}.Debug|Any CPU.Build.0 = Debug|Any CPU
		{FBB73F16-6D1E-4247-BF00-42B03182D6C8}.Release|Any CPU.ActiveCfg = Release|Any CPU
		{FBB73F16-6D1E-4247-BF00-42B03182D6C8}.Release|Any CPU.Build.0 = Release|Any CPU
	EndGlobalSection
	GlobalSection(SolutionProperties) = preSolution
		HideSolutionNode = FALSE
	EndGlobalSection
	GlobalSection(ExtensibilityGlobals) = postSolution
		SolutionGuid = {6D8588A9-3517-486B-8B3B-1D39942AE423}
	EndGlobalSection
EndGlobal
